Microsoft Visual Studio Solution File, Format Version 12.00
# Visual Studio Version 17
VisualStudioVersion = 17.5.2.0
MinimumVisualStudioVersion = 10.0.40219.1
Project("{FAE04EC0-301F-11D3-BF4B-00C04F79EFBC}") = "TDMSSharp.UsageTests", "TDMSSharp.UsageTests\TDMSSharp.UsageTests.csproj", "{F2C33677-369F-2B94-1E12-C3E6146ABF8D}"
EndProject
Project("{FAE04EC0-301F-11D3-BF4B-00C04F79EFBC}") = "TDMSSharp", "TDMSSharp\TDMSSharp.csproj", "{4ACBBAB5-D8FE-38C0-97FE-813F7A620891}"
EndProject
Global
	GlobalSection(SolutionConfigurationPlatforms) = preSolution
		Debug|Any CPU = Debug|Any CPU
		Release|Any CPU = Release|Any CPU
	EndGlobalSection
	GlobalSection(ProjectConfigurationPlatforms) = postSolution
		{F2C33677-369F-2B94-1E12-C3E6146ABF8D}.Debug|Any CPU.ActiveCfg = Debug|Any CPU
		{F2C33677-369F-2B94-1E12-C3E6146ABF8D}.Debug|Any CPU.Build.0 = Debug|Any CPU
		{F2C33677-369F-2B94-1E12-C3E6146ABF8D}.Release|Any CPU.ActiveCfg = Release|Any CPU
		{F2C33677-369F-2B94-1E12-C3E6146ABF8D}.Release|Any CPU.Build.0 = Release|Any CPU
		{4ACBBAB5-D8FE-38C0-97FE-813F7A620891}.Debug|Any CPU.ActiveCfg = Debug|Any CPU
		{4ACBBAB5-D8FE-38C0-97FE-813F7A620891}.Debug|Any CPU.Build.0 = Debug|Any CPU
		{4ACBBAB5-D8FE-38C0-97FE-813F7A620891}.Release|Any CPU.ActiveCfg = Release|Any CPU
		{4ACBBAB5-D8FE-38C0-97FE-813F7A620891}.Release|Any CPU.Build.0 = Release|Any CPU
	EndGlobalSection
	GlobalSection(SolutionProperties) = preSolution
		HideSolutionNode = FALSE
	EndGlobalSection
	GlobalSection(ExtensibilityGlobals) = postSolution
		SolutionGuid = {63FB7C11-0893-4C7C-A9EF-65BE30F0AE31}
	EndGlobalSection
EndGlobal
